
Microsoft Visual Studio Solution File, Format Version 12.00
# Visual Studio Version 16
VisualStudioVersion = 16.0.30011.22
MinimumVisualStudioVersion = 10.0.40219.1
Project("{FAE04EC0-301F-11D3-BF4B-00C04F79EFBC}") = "ExercicioEnum", "ExercicioEnum\ExercicioEnum.csproj", "{5231CBC6-275A-4160-A3BD-68B71A66FD77}"
EndProject
Global
	GlobalSection(SolutionConfigurationPlatforms) = preSolution
		Debug|Any CPU = Debug|Any CPU
		Release|Any CPU = Release|Any CPU
	EndGlobalSection
	GlobalSection(ProjectConfigurationPlatforms) = postSolution
		{5231CBC6-275A-4160-A3BD-68B71A66FD77}.Debug|Any CPU.ActiveCfg = Debug|Any CPU
		{5231CBC6-275A-4160-A3BD-68B71A66FD77}.Debug|Any CPU.Build.0 = Debug|Any CPU
		{5231CBC6-275A-4160-A3BD-68B71A66FD77}.Release|Any CPU.ActiveCfg = Release|Any CPU
		{5231CBC6-275A-4160-A3BD-68B71A66FD77}.Release|Any CPU.Build.0 = Release|Any CPU
	EndGlobalSection
	GlobalSection(SolutionProperties) = preSolution
		HideSolutionNode = FALSE
	EndGlobalSection
	GlobalSection(ExtensibilityGlobals) = postSolution
		SolutionGuid = {2F66FEEA-E074-4A0C-9239-BE60A9E2D8AC}
	EndGlobalSection
EndGlobal
